
Microsoft Visual Studio Solution File, Format Version 12.00
# Visual Studio 15
VisualStudioVersion = 15.0.27004.2008
MinimumVisualStudioVersion = 10.0.40219.1
Project("{FAE04EC0-301F-11D3-BF4B-00C04F79EFBC}") = "Calculator", "Calculator\Calculator.csproj", "{CA4012DF-7415-403E-B51A-6801682F5174}"
EndProject
Project("{FAE04EC0-301F-11D3-BF4B-00C04F79EFBC}") = "Calculator.Test.Unit", "Calculator.Test.Unit\Calculator.Test.Unit.csproj", "{2CBC871F-EA0E-4BCA-9432-5348FECE21CD}"
EndProject
Global
	GlobalSection(SolutionConfigurationPlatforms) = preSolution
		Debug|Any CPU = Debug|Any CPU
		Release|Any CPU = Release|Any CPU
	EndGlobalSection
	GlobalSection(ProjectConfigurationPlatforms) = postSolution
		{CA4012DF-7415-403E-B51A-6801682F5174}.Debug|Any CPU.ActiveCfg = Debug|Any CPU
		{CA4012DF-7415-403E-B51A-6801682F5174}.Debug|Any CPU.Build.0 = Debug|Any CPU
		{CA4012DF-7415-403E-B51A-6801682F5174}.Release|Any CPU.ActiveCfg = Release|Any CPU
		{CA4012DF-7415-403E-B51A-6801682F5174}.Release|Any CPU.Build.0 = Release|Any CPU
		{2CBC871F-EA0E-4BCA-9432-5348FECE21CD}.Debug|Any CPU.ActiveCfg = Debug|Any CPU
		{2CBC871F-EA0E-4BCA-9432-5348FECE21CD}.Debug|Any CPU.Build.0 = Debug|Any CPU
		{2CBC871F-EA0E-4BCA-9432-5348FECE21CD}.Release|Any CPU.ActiveCfg = Release|Any CPU
		{2CBC871F-EA0E-4BCA-9432-5348FECE21CD}.Release|Any CPU.Build.0 = Release|Any CPU
	EndGlobalSection
	GlobalSection(SolutionProperties) = preSolution
		HideSolutionNode = FALSE
	EndGlobalSection
	GlobalSection(ExtensibilityGlobals) = postSolution
		SolutionGuid = {D3C3CA1D-8382-494C-91F5-637D52CCD487}
	EndGlobalSection
EndGlobal
